
Microsoft Visual Studio Solution File, Format Version 12.00
# Visual Studio Version 17
VisualStudioVersion = 17.8.34525.116
MinimumVisualStudioVersion = 10.0.40219.1
Project("{9A19103F-16F7-4668-BE54-9A1E7A4F7556}") = "ST10158190Part2", "ST10158190Part1\ST10158190Part2.csproj", "{D6957046-6032-42B0-8ABD-EE9368E540C1}"
EndProject
Global
	GlobalSection(SolutionConfigurationPlatforms) = preSolution
		Debug|Any CPU = Debug|Any CPU
		Release|Any CPU = Release|Any CPU
	EndGlobalSection
	GlobalSection(ProjectConfigurationPlatforms) = postSolution
		{D6957046-6032-42B0-8ABD-EE9368E540C1}.Debug|Any CPU.ActiveCfg = Debug|Any CPU
		{D6957046-6032-42B0-8ABD-EE9368E540C1}.Debug|Any CPU.Build.0 = Debug|Any CPU
		{D6957046-6032-42B0-8ABD-EE9368E540C1}.Release|Any CPU.ActiveCfg = Release|Any CPU
		{D6957046-6032-42B0-8ABD-EE9368E540C1}.Release|Any CPU.Build.0 = Release|Any CPU
	EndGlobalSection
	GlobalSection(SolutionProperties) = preSolution
		HideSolutionNode = FALSE
	EndGlobalSection
	GlobalSection(ExtensibilityGlobals) = postSolution
		SolutionGuid = {B63D37D0-548D-4022-928C-D07D040A4193}
	EndGlobalSection
EndGlobal
